// !$*UTF8*$!
{
	archiveVersion = 1;
	classes = {
	};
	objectVersion = 55;
	objects = {

/* Begin PBXBuildFile section */
		4993A0E526700EAC002AAF63 /* AppDelegate.swift in Sources */ = {isa = PBXBuildFile; fileRef = 4993A0E426700EAC002AAF63 /* AppDelegate.swift */; };
		4993A0E726700EAC002AAF63 /* SceneDelegate.swift in Sources */ = {isa = PBXBuildFile; fileRef = 4993A0E626700EAC002AAF63 /* SceneDelegate.swift */; };
		4993A0E926700EAC002AAF63 /* ViewController.swift in Sources */ = {isa = PBXBuildFile; fileRef = 4993A0E826700EAC002AAF63 /* ViewController.swift */; };
		4993A0EC26700EAC002AAF63 /* Main.storyboard in Resources */ = {isa = PBXBuildFile; fileRef = 4993A0EA26700EAC002AAF63 /* Main.storyboard */; };
		4993A0EE26700EAD002AAF63 /* Assets.xcassets in Resources */ = {isa = PBXBuildFile; fileRef = 4993A0ED26700EAD002AAF63 /* Assets.xcassets */; };
		4993A0F126700EAD002AAF63 /* LaunchScreen.storyboard in Resources */ = {isa = PBXBuildFile; fileRef = 4993A0EF26700EAD002AAF63 /* LaunchScreen.storyboard */; };
		4993A0FD2672B61D002AAF63 /* WeatherCell.swift in Sources */ = {isa = PBXBuildFile; fileRef = 4993A0FC2672B61D002AAF63 /* WeatherCell.swift */; };
		4993A0FF2672B726002AAF63 /* Weather.swift in Sources */ = {isa = PBXBuildFile; fileRef = 4993A0FE2672B726002AAF63 /* Weather.swift */; };
		4993A1012673EB74002AAF63 /* City.swift in Sources */ = {isa = PBXBuildFile; fileRef = 4993A1002673EB74002AAF63 /* City.swift */; };
/* End PBXBuildFile section */

/* Begin PBXFileReference section */
		4993A0E126700EAC002AAF63 /* Example 7 - Structured Concurrency.app */ = {isa = PBXFileReference; explicitFileType = wrapper.application; includeInIndex = 0; path = "Example 7 - Structured Concurrency.app"; sourceTree = BUILT_PRODUCTS_DIR; };
		4993A0E426700EAC002AAF63 /* AppDelegate.swift */ = {isa = PBXFileReference; lastKnownFileType = sourcecode.swift; path = AppDelegate.swift; sourceTree = "<group>"; };
		4993A0E626700EAC002AAF63 /* SceneDelegate.swift */ = {isa = PBXFileReference; lastKnownFileType = sourcecode.swift; path = SceneDelegate.swift; sourceTree = "<group>"; };
		4993A0E826700EAC002AAF63 /* ViewController.swift */ = {isa = PBXFileReference; lastKnownFileType = sourcecode.swift; path = ViewController.swift; sourceTree = "<group>"; };
		4993A0EB26700EAC002AAF63 /* Base */ = {isa = PBXFileReference; lastKnownFileType = file.storyboard; name = Base; path = Base.lproj/Main.storyboard; sourceTree = "<group>"; };
		4993A0ED26700EAD002AAF63 /* Assets.xcassets */ = {isa = PBXFileReference; lastKnownFileType = folder.assetcatalog; path = Assets.xcassets; sourceTree = "<group>"; };
		4993A0F026700EAD002AAF63 /* Base */ = {isa = PBXFileReference; lastKnownFileType = file.storyboard; name = Base; path = Base.lproj/LaunchScreen.storyboard; sourceTree = "<group>"; };
		4993A0F226700EAD002AAF63 /* Info.plist */ = {isa = PBXFileReference; lastKnownFileType = text.plist.xml; path = Info.plist; sourceTree = "<group>"; };
		4993A0FC2672B61D002AAF63 /* WeatherCell.swift */ = {isa = PBXFileReference; lastKnownFileType = sourcecode.swift; path = WeatherCell.swift; sourceTree = "<group>"; };
		4993A0FE2672B726002AAF63 /* Weather.swift */ = {isa = PBXFileReference; lastKnownFileType = sourcecode.swift; path = Weather.swift; sourceTree = "<group>"; };
		4993A1002673EB74002AAF63 /* City.swift */ = {isa = PBXFileReference; lastKnownFileType = sourcecode.swift; path = City.swift; sourceTree = "<group>"; };
/* End PBXFileReference section */

/* Begin PBXFrameworksBuildPhase section */
		4993A0DE26700EAC002AAF63 /* Frameworks */ = {
			isa = PBXFrameworksBuildPhase;
			buildActionMask = 2147483647;
			files = (
			);
			runOnlyForDeploymentPostprocessing = 0;
		};
/* End PBXFrameworksBuildPhase section */

/* Begin PBXGroup section */
		4993A0D826700EAC002AAF63 = {
			isa = PBXGroup;
			children = (
				4993A0E326700EAC002AAF63 /* Example 7 - Structured Concurrency */,
				4993A0E226700EAC002AAF63 /* Products */,
			);
			sourceTree = "<group>";
		};
		4993A0E226700EAC002AAF63 /* Products */ = {
			isa = PBXGroup;
			children = (
				4993A0E126700EAC002AAF63 /* Example 7 - Structured Concurrency.app */,
			);
			name = Products;
			sourceTree = "<group>";
		};
		4993A0E326700EAC002AAF63 /* Example 7 - Structured Concurrency */ = {
			isa = PBXGroup;
			children = (
				4993A0E426700EAC002AAF63 /* AppDelegate.swift */,
				4993A0E626700EAC002AAF63 /* SceneDelegate.swift */,
				4993A0E826700EAC002AAF63 /* ViewController.swift */,
				4993A0EA26700EAC002AAF63 /* Main.storyboard */,
				4993A0ED26700EAD002AAF63 /* Assets.xcassets */,
				4993A0EF26700EAD002AAF63 /* LaunchScreen.storyboard */,
				4993A0F226700EAD002AAF63 /* Info.plist */,
				4993A0FC2672B61D002AAF63 /* WeatherCell.swift */,
				4993A0FE2672B726002AAF63 /* Weather.swift */,
				4993A1002673EB74002AAF63 /* City.swift */,
			);
			path = "Example 7 - Structured Concurrency";
			sourceTree = "<group>";
		};
/* End PBXGroup section */

/* Begin PBXLegacyTarget section */
		4993A0F826701A20002AAF63 /* j */ = {
			isa = PBXLegacyTarget;
			buildArgumentsString = "$(ACTION)";
			buildConfigurationList = 4993A0FB26701A20002AAF63 /* Build configuration list for PBXLegacyTarget "j" */;
			buildPhases = (
			);
			buildToolPath = /usr/bin/make;
			dependencies = (
			);
			name = j;
			passBuildSettingsInEnvironment = 1;
			productName = j;
		};
/* End PBXLegacyTarget section */

/* Begin PBXNativeTarget section */
		4993A0E026700EAC002AAF63 /* Example 7 - Structured Concurrency */ = {
			isa = PBXNativeTarget;
			buildConfigurationList = 4993A0F526700EAD002AAF63 /* Build configuration list for PBXNativeTarget "Example 7 - Structured Concurrency" */;
			buildPhases = (
				4993A0DD26700EAC002AAF63 /* Sources */,
				4993A0DE26700EAC002AAF63 /* Frameworks */,
				4993A0DF26700EAC002AAF63 /* Resources */,
			);
			buildRules = (
			);
			dependencies = (
			);
			name = "Example 7 - Structured Concurrency";
			productName = "Example 7 - Structured Concurrency";
			productReference = 4993A0E126700EAC002AAF63 /* Example 7 - Structured Concurrency.app */;
			productType = "com.apple.product-type.application";
		};
/* End PBXNativeTarget section */

/* Begin PBXProject section */
		4993A0D926700EAC002AAF63 /* Project object */ = {
			isa = PBXProject;
			attributes = {
				BuildIndependentTargetsInParallel = 1;
				LastSwiftUpdateCheck = 1300;
				LastUpgradeCheck = 1300;
				TargetAttributes = {
					4993A0E026700EAC002AAF63 = {
						CreatedOnToolsVersion = 13.0;
					};
					4993A0F826701A20002AAF63 = {
						CreatedOnToolsVersion = 13.0;
					};
				};
			};
			buildConfigurationList = 4993A0DC26700EAC002AAF63 /* Build configuration list for PBXProject "Example 7 - Structured Concurrency" */;
			compatibilityVersion = "Xcode 13.0";
			developmentRegion = en;
			hasScannedForEncodings = 0;
			knownRegions = (
				en,
				Base,
			);
			mainGroup = 4993A0D826700EAC002AAF63;
			productRefGroup = 4993A0E226700EAC002AAF63 /* Products */;
			projectDirPath = "";
			projectRoot = "";
			targets = (
				4993A0E026700EAC002AAF63 /* Example 7 - Structured Concurrency */,
				4993A0F826701A20002AAF63 /* j */,
			);
		};
/* End PBXProject section */

/* Begin PBXResourcesBuildPhase section */
		4993A0DF26700EAC002AAF63 /* Resources */ = {
			isa = PBXResourcesBuildPhase;
			buildActionMask = 2147483647;
			files = (
				4993A0F126700EAD002AAF63 /* LaunchScreen.storyboard in Resources */,
				4993A0EE26700EAD002AAF63 /* Assets.xcassets in Resources */,
				4993A0EC26700EAC002AAF63 /* Main.storyboard in Resources */,
			);
			runOnlyForDeploymentPostprocessing = 0;
		};
/* End PBXResourcesBuildPhase section */

/* Begin PBXSourcesBuildPhase section */
		4993A0DD26700EAC002AAF63 /* Sources */ = {
			isa = PBXSourcesBuildPhase;
			buildActionMask = 2147483647;
			files = (
				4993A0FD2672B61D002AAF63 /* WeatherCell.swift in Sources */,
				4993A0E926700EAC002AAF63 /* ViewController.swift in Sources */,
				4993A1012673EB74002AAF63 /* City.swift in Sources */,
				4993A0E526700EAC002AAF63 /* AppDelegate.swift in Sources */,
				4993A0E726700EAC002AAF63 /* SceneDelegate.swift in Sources */,
				4993A0FF2672B726002AAF63 /* Weather.swift in Sources */,
			);
			runOnlyForDeploymentPostprocessing = 0;
		};
/* End PBXSourcesBuildPhase section */

/* Begin PBXVariantGroup section */
		4993A0EA26700EAC002AAF63 /* Main.storyboard */ = {
			isa = PBXVariantGroup;
			children = (
				4993A0EB26700EAC002AAF63 /* Base */,
			);
			name = Main.storyboard;
			sourceTree = "<group>";
		};
		4993A0EF26700EAD002AAF63 /* LaunchScreen.storyboard */ = {
			isa = PBXVariantGroup;
			children = (
				4993A0F026700EAD002AAF63 /* Base */,
			);
			name = LaunchScreen.storyboard;
			sourceTree = "<group>";
		};
/* End PBXVariantGroup section */

/* Begin XCBuildConfiguration section */
		4993A0F326700EAD002AAF63 /* Debug */ = {
			isa = XCBuildConfiguration;
			buildSettings = {
				ALWAYS_SEARCH_USER_PATHS = NO;
				CLANG_ANALYZER_NONNULL = YES;
				CLANG_ANALYZER_NUMBER_OBJECT_CONVERSION = YES_AGGRESSIVE;
				CLANG_CXX_LANGUAGE_STANDARD = "gnu++14";
				CLANG_CXX_LIBRARY = "libc++";
				CLANG_ENABLE_MODULES = YES;
				CLANG_ENABLE_OBJC_ARC = YES;
				CLANG_ENABLE_OBJC_WEAK = YES;
				CLANG_WARN_BLOCK_CAPTURE_AUTORELEASING = YES;
				CLANG_WARN_BOOL_CONVERSION = YES;
				CLANG_WARN_COMMA = YES;
				CLANG_WARN_CONSTANT_CONVERSION = YES;
				CLANG_WARN_DEPRECATED_OBJC_IMPLEMENTATIONS = YES;
				CLANG_WARN_DIRECT_OBJC_ISA_USAGE = YES_ERROR;
				CLANG_WARN_DOCUMENTATION_COMMENTS = YES;
				CLANG_WARN_EMPTY_BODY = YES;
				CLANG_WARN_ENUM_CONVERSION = YES;
				CLANG_WARN_INFINITE_RECURSION = YES;
				CLANG_WARN_INT_CONVERSION = YES;
				CLANG_WARN_NON_LITERAL_NULL_CONVERSION = YES;
				CLANG_WARN_OBJC_IMPLICIT_RETAIN_SELF = YES;
				CLANG_WARN_OBJC_LITERAL_CONVERSION = YES;
				CLANG_WARN_OBJC_ROOT_CLASS = YES_ERROR;
				CLANG_WARN_QUOTED_INCLUDE_IN_FRAMEWORK_HEADER = YES;
				CLANG_WARN_RANGE_LOOP_ANALYSIS = YES;
				CLANG_WARN_STRICT_PROTOTYPES = YES;
				CLANG_WARN_SUSPICIOUS_MOVE = YES;
				CLANG_WARN_UNGUARDED_AVAILABILITY = YES_AGGRESSIVE;
				CLANG_WARN_UNREACHABLE_CODE = YES;
				CLANG_WARN__DUPLICATE_METHOD_MATCH = YES;
				COPY_PHASE_STRIP = NO;
				DEBUG_INFORMATION_FORMAT = dwarf;
				ENABLE_STRICT_OBJC_MSGSEND = YES;
				ENABLE_TESTABILITY = YES;
				GCC_C_LANGUAGE_STANDARD = gnu11;
				GCC_DYNAMIC_NO_PIC = NO;
				GCC_NO_COMMON_BLOCKS = YES;
				GCC_OPTIMIZATION_LEVEL = 0;
				GCC_PREPROCESSOR_DEFINITIONS = (
					"DEBUG=1",
					"$(inherited)",
				);
				GCC_WARN_64_TO_32_BIT_CONVERSION = YES;
				GCC_WARN_ABOUT_RETURN_TYPE = YES_ERROR;
				GCC_WARN_UNDECLARED_SELECTOR = YES;
				GCC_WARN_UNINITIALIZED_AUTOS = YES_AGGRESSIVE;
				GCC_WARN_UNUSED_FUNCTION = YES;
				GCC_WARN_UNUSED_VARIABLE = YES;
				IPHONEOS_DEPLOYMENT_TARGET = 15.0;
				MTL_ENABLE_DEBUG_INFO = INCLUDE_SOURCE;
				MTL_FAST_MATH = YES;
				ONLY_ACTIVE_ARCH = YES;
				SDKROOT = iphoneos;
				SWIFT_ACTIVE_COMPILATION_CONDITIONS = DEBUG;
				SWIFT_OPTIMIZATION_LEVEL = "-Onone";
			};
			name = Debug;
		};
		4993A0F426700EAD002AAF63 /* Release */ = {
			isa = XCBuildConfiguration;
			buildSettings = {
				ALWAYS_SEARCH_USER_PATHS = NO;
				CLANG_ANALYZER_NONNULL = YES;
				CLANG_ANALYZER_NUMBER_OBJECT_CONVERSION = YES_AGGRESSIVE;
				CLANG_CXX_LANGUAGE_STANDARD = "gnu++14";
				CLANG_CXX_LIBRARY = "libc++";
				CLANG_ENABLE_MODULES = YES;
				CLANG_ENABLE_OBJC_ARC = YES;
				CLANG_ENABLE_OBJC_WEAK = YES;
				CLANG_WARN_BLOCK_CAPTURE_AUTORELEASING = YES;
				CLANG_WARN_BOOL_CONVERSION = YES;
				CLANG_WARN_COMMA = YES;
				CLANG_WARN_CONSTANT_CONVERSION = YES;
				CLANG_WARN_DEPRECATED_OBJC_IMPLEMENTATIONS = YES;
				CLANG_WARN_DIRECT_OBJC_ISA_USAGE = YES_ERROR;
				CLANG_WARN_DOCUMENTATION_COMMENTS = YES;
				CLANG_WARN_EMPTY_BODY = YES;
				CLANG_WARN_ENUM_CONVERSION = YES;
				CLANG_WARN_INFINITE_RECURSION = YES;
				CLANG_WARN_INT_CONVERSION = YES;
				CLANG_WARN_NON_LITERAL_NULL_CONVERSION = YES;
				CLANG_WARN_OBJC_IMPLICIT_RETAIN_SELF = YES;
				CLANG_WARN_OBJC_LITERAL_CONVERSION = YES;
				CLANG_WARN_OBJC_ROOT_CLASS = YES_ERROR;
				CLANG_WARN_QUOTED_INCLUDE_IN_FRAMEWORK_HEADER = YES;
				CLANG_WARN_RANGE_LOOP_ANALYSIS = YES;
				CLANG_WARN_STRICT_PROTOTYPES = YES;
				CLANG_WARN_SUSPICIOUS_MOVE = YES;
				CLANG_WARN_UNGUARDED_AVAILABILITY = YES_AGGRESSIVE;
				CLANG_WARN_UNREACHABLE_CODE = YES;
				CLANG_WARN__DUPLICATE_METHOD_MATCH = YES;
				COPY_PHASE_STRIP = NO;
				DEBUG_INFORMATION_FORMAT = "dwarf-with-dsym";
				ENABLE_NS_ASSERTIONS = NO;
				ENABLE_STRICT_OBJC_MSGSEND = YES;
				GCC_C_LANGUAGE_STANDARD = gnu11;
				GCC_NO_COMMON_BLOCKS = YES;
				GCC_WARN_64_TO_32_BIT_CONVERSION = YES;
				GCC_WARN_ABOUT_RETURN_TYPE = YES_ERROR;
				GCC_WARN_UNDECLARED_SELECTOR = YES;
				GCC_WARN_UNINITIALIZED_AUTOS = YES_AGGRESSIVE;
				GCC_WARN_UNUSED_FUNCTION = YES;
				GCC_WARN_UNUSED_VARIABLE = YES;
				IPHONEOS_DEPLOYMENT_TARGET = 15.0;
				MTL_ENABLE_DEBUG_INFO = NO;
				MTL_FAST_MATH = YES;
				SDKROOT = iphoneos;
				SWIFT_COMPILATION_MODE = wholemodule;
				SWIFT_OPTIMIZATION_LEVEL = "-O";
				VALIDATE_PRODUCT = YES;
			};
			name = Release;
		};
		4993A0F626700EAD002AAF63 /* Debug */ = {
			isa = XCBuildConfiguration;
			buildSettings = {
				ASSETCATALOG_COMPILER_APPICON_NAME = AppIcon;
				ASSETCATALOG_COMPILER_GLOBAL_ACCENT_COLOR_NAME = AccentColor;
				CODE_SIGN_STYLE = Automatic;
				CURRENT_PROJECT_VERSION = 1;
				DEVELOPMENT_TEAM = R2CTR74H64;
				GENERATE_INFOPLIST_FILE = YES;
				INFOPLIST_FILE = "Example 7 - Structured Concurrency/Info.plist";
				INFOPLIST_KEY_UIApplicationSupportsIndirectInputEvents = YES;
				INFOPLIST_KEY_UILaunchStoryboardName = LaunchScreen;
				INFOPLIST_KEY_UIMainStoryboardFile = Main;
				INFOPLIST_KEY_UISupportedInterfaceOrientations_iPad = "UIInterfaceOrientationPortrait UIInterfaceOrientationPortraitUpsideDown UIInterfaceOrientationLandscapeLeft UIInterfaceOrientationLandscapeRight";
				INFOPLIST_KEY_UISupportedInterfaceOrientations_iPhone = "UIInterfaceOrientationPortrait UIInterfaceOrientationLandscapeLeft UIInterfaceOrientationLandscapeRight";
				LD_RUNPATH_SEARCH_PATHS = (
					"$(inherited)",
					"@executable_path/Frameworks",
				);
				MARKETING_VERSION = 1.0;
				PRODUCT_BUNDLE_IDENTIFIER = "pl.alorenc.Example-7---Structured-Concurrency";
				PRODUCT_NAME = "$(TARGET_NAME)";
				SWIFT_EMIT_LOC_STRINGS = YES;
				SWIFT_VERSION = 5.0;
				TARGETED_DEVICE_FAMILY = "1,2";
			};
			name = Debug;
		};
		4993A0F726700EAD002AAF63 /* Release */ = {
			isa = XCBuildConfiguration;
			buildSettings = {
				ASSETCATALOG_COMPILER_APPICON_NAME = AppIcon;
				ASSETCATALOG_COMPILER_GLOBAL_ACCENT_COLOR_NAME = AccentColor;
				CODE_SIGN_STYLE = Automatic;
				CURRENT_PROJECT_VERSION = 1;
				DEVELOPMENT_TEAM = R2CTR74H64;
				GENERATE_INFOPLIST_FILE = YES;
				INFOPLIST_FILE = "Example 7 - Structured Concurrency/Info.plist";
				INFOPLIST_KEY_UIApplicationSupportsIndirectInputEvents = YES;
				INFOPLIST_KEY_UILaunchStoryboardName = LaunchScreen;
				INFOPLIST_KEY_UIMainStoryboardFile = Main;
				INFOPLIST_KEY_UISupportedInterfaceOrientations_iPad = "UIInterfaceOrientationPortrait UIInterfaceOrientationPortraitUpsideDown UIInterfaceOrientationLandscapeLeft UIInterfaceOrientationLandscapeRight";
				INFOPLIST_KEY_UISupportedInterfaceOrientations_iPhone = "UIInterfaceOrientationPortrait UIInterfaceOrientationLandscapeLeft UIInterfaceOrientationLandscapeRight";
				LD_RUNPATH_SEARCH_PATHS = (
					"$(inherited)",
					"@executable_path/Frameworks",
				);
				MARKETING_VERSION = 1.0;
				PRODUCT_BUNDLE_IDENTIFIER = "pl.alorenc.Example-7---Structured-Concurrency";
				PRODUCT_NAME = "$(TARGET_NAME)";
				SWIFT_EMIT_LOC_STRINGS = YES;
				SWIFT_VERSION = 5.0;
				TARGETED_DEVICE_FAMILY = "1,2";
			};
			name = Release;
		};
		4993A0F926701A20002AAF63 /* Debug */ = {
			isa = XCBuildConfiguration;
			buildSettings = {
				CODE_SIGN_STYLE = Automatic;
				DEBUGGING_SYMBOLS = YES;
				DEBUG_INFORMATION_FORMAT = dwarf;
				DEVELOPMENT_TEAM = R2CTR74H64;
				GCC_GENERATE_DEBUGGING_SYMBOLS = YES;
				GCC_OPTIMIZATION_LEVEL = 0;
				OTHER_CFLAGS = "";
				OTHER_LDFLAGS = "";
				PRODUCT_NAME = "$(TARGET_NAME)";
			};
			name = Debug;
		};
		4993A0FA26701A20002AAF63 /* Release */ = {
			isa = XCBuildConfiguration;
			buildSettings = {
				CODE_SIGN_STYLE = Automatic;
				DEBUG_INFORMATION_FORMAT = "dwarf-with-dsym";
				DEVELOPMENT_TEAM = R2CTR74H64;
				OTHER_CFLAGS = "";
				OTHER_LDFLAGS = "";
				PRODUCT_NAME = "$(TARGET_NAME)";
			};
			name = Release;
		};
/* End XCBuildConfiguration section */

/* Begin XCConfigurationList section */
		4993A0DC26700EAC002AAF63 /* Build configuration list for PBXProject "Example 7 - Structured Concurrency" */ = {
			isa = XCConfigurationList;
			buildConfigurations = (
				4993A0F326700EAD002AAF63 /* Debug */,
				4993A0F426700EAD002AAF63 /* Release */,
			);
			defaultConfigurationIsVisible = 0;
			defaultConfigurationName = Release;
		};
		4993A0F526700EAD002AAF63 /* Build configuration list for PBXNativeTarget "Example 7 - Structured Concurrency" */ = {
			isa = XCConfigurationList;
			buildConfigurations = (
				4993A0F626700EAD002AAF63 /* Debug */,
				4993A0F726700EAD002AAF63 /* Release */,
			);
			defaultConfigurationIsVisible = 0;
			defaultConfigurationName = Release;
		};
		4993A0FB26701A20002AAF63 /* Build configuration list for PBXLegacyTarget "j" */ = {
			isa = XCConfigurationList;
			buildConfigurations = (
				4993A0F926701A20002AAF63 /* Debug */,
				4993A0FA26701A20002AAF63 /* Release */,
			);
			defaultConfigurationIsVisible = 0;
			defaultConfigurationName = Release;
		};
/* End XCConfigurationList section */
	};
	rootObject = 4993A0D926700EAC002AAF63 /* Project object */;
}
